
Microsoft Visual Studio Solution File, Format Version 12.00
# Visual Studio Version 16
VisualStudioVersion = 16.0.31410.357
MinimumVisualStudioVersion = 10.0.40219.1
Project("{FAE04EC0-301F-11D3-BF4B-00C04F79EFBC}") = "DbLib", "DbLib.csproj", "{799DF77E-F74C-451D-B34D-2A4C14FFA112}"
EndProject
Project("{FAE04EC0-301F-11D3-BF4B-00C04F79EFBC}") = "ConsoleApp1", "..\ConsoleApp1\ConsoleApp1.csproj", "{981E6246-7B95-4663-914F-3C3946B8122B}"
EndProject
Global
	GlobalSection(SolutionConfigurationPlatforms) = preSolution
		Debug|Any CPU = Debug|Any CPU
		Release|Any CPU = Release|Any CPU
	EndGlobalSection
	GlobalSection(ProjectConfigurationPlatforms) = postSolution
		{799DF77E-F74C-451D-B34D-2A4C14FFA112}.Debug|Any CPU.ActiveCfg = Debug|Any CPU
		{799DF77E-F74C-451D-B34D-2A4C14FFA112}.Debug|Any CPU.Build.0 = Debug|Any CPU
		{799DF77E-F74C-451D-B34D-2A4C14FFA112}.Release|Any CPU.ActiveCfg = Release|Any CPU
		{799DF77E-F74C-451D-B34D-2A4C14FFA112}.Release|Any CPU.Build.0 = Release|Any CPU
		{981E6246-7B95-4663-914F-3C3946B8122B}.Debug|Any CPU.ActiveCfg = Debug|Any CPU
		{981E6246-7B95-4663-914F-3C3946B8122B}.Debug|Any CPU.Build.0 = Debug|Any CPU
		{981E6246-7B95-4663-914F-3C3946B8122B}.Release|Any CPU.ActiveCfg = Release|Any CPU
		{981E6246-7B95-4663-914F-3C3946B8122B}.Release|Any CPU.Build.0 = Release|Any CPU
	EndGlobalSection
	GlobalSection(SolutionProperties) = preSolution
		HideSolutionNode = FALSE
	EndGlobalSection
	GlobalSection(ExtensibilityGlobals) = postSolution
		SolutionGuid = {E856E4B5-D486-4869-8C41-933AE61E0485}
	EndGlobalSection
EndGlobal
