
Microsoft Visual Studio Solution File, Format Version 12.00
# Visual Studio Version 16
VisualStudioVersion = 16.0.31112.23
MinimumVisualStudioVersion = 10.0.40219.1
Project("{FAE04EC0-301F-11D3-BF4B-00C04F79EFBC}") = "DemoDefineUserCtrl", "DemoDefineUserCtrl.csproj", "{B6794E75-5205-43DE-AC9A-6A98D354C565}"
EndProject
Global
	GlobalSection(SolutionConfigurationPlatforms) = preSolution
		Debug|Any CPU = Debug|Any CPU
		Release|Any CPU = Release|Any CPU
	EndGlobalSection
	GlobalSection(ProjectConfigurationPlatforms) = postSolution
		{B6794E75-5205-43DE-AC9A-6A98D354C565}.Debug|Any CPU.ActiveCfg = Debug|Any CPU
		{B6794E75-5205-43DE-AC9A-6A98D354C565}.Debug|Any CPU.Build.0 = Debug|Any CPU
		{B6794E75-5205-43DE-AC9A-6A98D354C565}.Release|Any CPU.ActiveCfg = Release|Any CPU
		{B6794E75-5205-43DE-AC9A-6A98D354C565}.Release|Any CPU.Build.0 = Release|Any CPU
	EndGlobalSection
	GlobalSection(SolutionProperties) = preSolution
		HideSolutionNode = FALSE
	EndGlobalSection
	GlobalSection(ExtensibilityGlobals) = postSolution
		SolutionGuid = {0EC0DB41-AC03-422F-BB10-2A8173C9C236}
	EndGlobalSection
EndGlobal
