
Microsoft Visual Studio Solution File, Format Version 12.00
# Visual Studio Version 16
VisualStudioVersion = 16.0.31112.23
MinimumVisualStudioVersion = 10.0.40219.1
Project("{FAE04EC0-301F-11D3-BF4B-00C04F79EFBC}") = "Studyforms", "Studyforms\Studyforms.csproj", "{ACFCD734-2A01-4DD9-813D-AF8A257BC9C7}"
EndProject
Global
	GlobalSection(SolutionConfigurationPlatforms) = preSolution
		Debug|Any CPU = Debug|Any CPU
		Release|Any CPU = Release|Any CPU
	EndGlobalSection
	GlobalSection(ProjectConfigurationPlatforms) = postSolution
		{ACFCD734-2A01-4DD9-813D-AF8A257BC9C7}.Debug|Any CPU.ActiveCfg = Debug|Any CPU
		{ACFCD734-2A01-4DD9-813D-AF8A257BC9C7}.Debug|Any CPU.Build.0 = Debug|Any CPU
		{ACFCD734-2A01-4DD9-813D-AF8A257BC9C7}.Release|Any CPU.ActiveCfg = Release|Any CPU
		{ACFCD734-2A01-4DD9-813D-AF8A257BC9C7}.Release|Any CPU.Build.0 = Release|Any CPU
	EndGlobalSection
	GlobalSection(SolutionProperties) = preSolution
		HideSolutionNode = FALSE
	EndGlobalSection
	GlobalSection(ExtensibilityGlobals) = postSolution
		SolutionGuid = {AEEE90AD-E814-4FBD-BB05-A333679F54EA}
	EndGlobalSection
EndGlobal
