
Microsoft Visual Studio Solution File, Format Version 12.00
# Visual Studio Version 16
VisualStudioVersion = 16.0.31025.194
MinimumVisualStudioVersion = 10.0.40219.1
Project("{FAE04EC0-301F-11D3-BF4B-00C04F79EFBC}") = "RemotingExampleInterfaces", "RemotingExampleInterfaces\RemotingExampleInterfaces.csproj", "{A36716EB-9DA5-4C91-ACB6-AB1E9925F717}"
EndProject
Project("{FAE04EC0-301F-11D3-BF4B-00C04F79EFBC}") = "RemotingInterfaceServer", "RemotingInterfaceServer\RemotingInterfaceServer.csproj", "{2AA7ED76-3522-4533-AF5F-8032D69CA3FD}"
EndProject
Project("{FAE04EC0-301F-11D3-BF4B-00C04F79EFBC}") = "RemotingExampleClient", "RemotingExampleClient\RemotingExampleClient.csproj", "{5A8BB5AE-9680-442A-9C3B-9830238A1C16}"
EndProject
Global
	GlobalSection(SolutionConfigurationPlatforms) = preSolution
		Debug|Any CPU = Debug|Any CPU
		Release|Any CPU = Release|Any CPU
	EndGlobalSection
	GlobalSection(ProjectConfigurationPlatforms) = postSolution
		{A36716EB-9DA5-4C91-ACB6-AB1E9925F717}.Debug|Any CPU.ActiveCfg = Debug|Any CPU
		{A36716EB-9DA5-4C91-ACB6-AB1E9925F717}.Debug|Any CPU.Build.0 = Debug|Any CPU
		{A36716EB-9DA5-4C91-ACB6-AB1E9925F717}.Release|Any CPU.ActiveCfg = Release|Any CPU
		{A36716EB-9DA5-4C91-ACB6-AB1E9925F717}.Release|Any CPU.Build.0 = Release|Any CPU
		{2AA7ED76-3522-4533-AF5F-8032D69CA3FD}.Debug|Any CPU.ActiveCfg = Debug|Any CPU
		{2AA7ED76-3522-4533-AF5F-8032D69CA3FD}.Debug|Any CPU.Build.0 = Debug|Any CPU
		{2AA7ED76-3522-4533-AF5F-8032D69CA3FD}.Release|Any CPU.ActiveCfg = Release|Any CPU
		{2AA7ED76-3522-4533-AF5F-8032D69CA3FD}.Release|Any CPU.Build.0 = Release|Any CPU
		{5A8BB5AE-9680-442A-9C3B-9830238A1C16}.Debug|Any CPU.ActiveCfg = Debug|Any CPU
		{5A8BB5AE-9680-442A-9C3B-9830238A1C16}.Debug|Any CPU.Build.0 = Debug|Any CPU
		{5A8BB5AE-9680-442A-9C3B-9830238A1C16}.Release|Any CPU.ActiveCfg = Release|Any CPU
		{5A8BB5AE-9680-442A-9C3B-9830238A1C16}.Release|Any CPU.Build.0 = Release|Any CPU
	EndGlobalSection
	GlobalSection(SolutionProperties) = preSolution
		HideSolutionNode = FALSE
	EndGlobalSection
	GlobalSection(ExtensibilityGlobals) = postSolution
		SolutionGuid = {1ACDF782-16CE-4E68-BB9C-F7C49CEBCDE7}
	EndGlobalSection
EndGlobal
