
Microsoft Visual Studio Solution File, Format Version 12.00
# Visual Studio Version 16
VisualStudioVersion = 16.0.31112.23
MinimumVisualStudioVersion = 10.0.40219.1
Project("{FAE04EC0-301F-11D3-BF4B-00C04F79EFBC}") = "WebApplicationBk", "WebApplicationBk\WebApplicationBk.csproj", "{AD8B9186-5551-4091-9870-7F14A38A6D52}"
EndProject
Global
	GlobalSection(SolutionConfigurationPlatforms) = preSolution
		Debug|Any CPU = Debug|Any CPU
		Release|Any CPU = Release|Any CPU
	EndGlobalSection
	GlobalSection(ProjectConfigurationPlatforms) = postSolution
		{AD8B9186-5551-4091-9870-7F14A38A6D52}.Debug|Any CPU.ActiveCfg = Debug|Any CPU
		{AD8B9186-5551-4091-9870-7F14A38A6D52}.Debug|Any CPU.Build.0 = Debug|Any CPU
		{AD8B9186-5551-4091-9870-7F14A38A6D52}.Release|Any CPU.ActiveCfg = Release|Any CPU
		{AD8B9186-5551-4091-9870-7F14A38A6D52}.Release|Any CPU.Build.0 = Release|Any CPU
	EndGlobalSection
	GlobalSection(SolutionProperties) = preSolution
		HideSolutionNode = FALSE
	EndGlobalSection
	GlobalSection(ExtensibilityGlobals) = postSolution
		SolutionGuid = {1AED1F4C-E388-4513-B27F-CE83FB10249B}
	EndGlobalSection
EndGlobal
