
Microsoft Visual Studio Solution File, Format Version 12.00
# Visual Studio Version 16
VisualStudioVersion = 16.0.31112.23
MinimumVisualStudioVersion = 10.0.40219.1
Project("{9A19103F-16F7-4668-BE54-9A1E7A4F7556}") = "CInterface", "CInterface\CInterface.csproj", "{8BD432C1-5385-4924-AE12-FE88CE334282}"
EndProject
Project("{FAE04EC0-301F-11D3-BF4B-00C04F79EFBC}") = "Dictionary", "Dictionary\Dictionary.csproj", "{B1E2C9F9-3359-44EB-905A-36D022BD63ED}"
EndProject
Global
	GlobalSection(SolutionConfigurationPlatforms) = preSolution
		Debug|Any CPU = Debug|Any CPU
		Release|Any CPU = Release|Any CPU
	EndGlobalSection
	GlobalSection(ProjectConfigurationPlatforms) = postSolution
		{8BD432C1-5385-4924-AE12-FE88CE334282}.Debug|Any CPU.ActiveCfg = Debug|Any CPU
		{8BD432C1-5385-4924-AE12-FE88CE334282}.Debug|Any CPU.Build.0 = Debug|Any CPU
		{8BD432C1-5385-4924-AE12-FE88CE334282}.Release|Any CPU.ActiveCfg = Release|Any CPU
		{8BD432C1-5385-4924-AE12-FE88CE334282}.Release|Any CPU.Build.0 = Release|Any CPU
		{B1E2C9F9-3359-44EB-905A-36D022BD63ED}.Debug|Any CPU.ActiveCfg = Debug|Any CPU
		{B1E2C9F9-3359-44EB-905A-36D022BD63ED}.Debug|Any CPU.Build.0 = Debug|Any CPU
		{B1E2C9F9-3359-44EB-905A-36D022BD63ED}.Release|Any CPU.ActiveCfg = Release|Any CPU
		{B1E2C9F9-3359-44EB-905A-36D022BD63ED}.Release|Any CPU.Build.0 = Release|Any CPU
	EndGlobalSection
	GlobalSection(SolutionProperties) = preSolution
		HideSolutionNode = FALSE
	EndGlobalSection
	GlobalSection(ExtensibilityGlobals) = postSolution
		SolutionGuid = {4D0D3DD0-302E-469F-94A5-918F9576058F}
	EndGlobalSection
EndGlobal
