
Microsoft Visual Studio Solution File, Format Version 12.00
# Visual Studio Version 16
VisualStudioVersion = 16.0.31112.23
MinimumVisualStudioVersion = 10.0.40219.1
Project("{FAE04EC0-301F-11D3-BF4B-00C04F79EFBC}") = "CentreBookingApi", "CentreBookingApi\CentreBookingApi.csproj", "{3E0F05F0-CC5D-46AA-A1ED-35D15103FA5C}"
EndProject
Global
	GlobalSection(SolutionConfigurationPlatforms) = preSolution
		Debug|Any CPU = Debug|Any CPU
		Release|Any CPU = Release|Any CPU
	EndGlobalSection
	GlobalSection(ProjectConfigurationPlatforms) = postSolution
		{3E0F05F0-CC5D-46AA-A1ED-35D15103FA5C}.Debug|Any CPU.ActiveCfg = Debug|Any CPU
		{3E0F05F0-CC5D-46AA-A1ED-35D15103FA5C}.Debug|Any CPU.Build.0 = Debug|Any CPU
		{3E0F05F0-CC5D-46AA-A1ED-35D15103FA5C}.Release|Any CPU.ActiveCfg = Release|Any CPU
		{3E0F05F0-CC5D-46AA-A1ED-35D15103FA5C}.Release|Any CPU.Build.0 = Release|Any CPU
	EndGlobalSection
	GlobalSection(SolutionProperties) = preSolution
		HideSolutionNode = FALSE
	EndGlobalSection
	GlobalSection(ExtensibilityGlobals) = postSolution
		SolutionGuid = {0C1AEA5C-AA21-459B-93D2-56ECAF952DB2}
	EndGlobalSection
EndGlobal
